
Microsoft Visual Studio Solution File, Format Version 12.00
# Visual Studio Version 17
VisualStudioVersion = 17.7.34018.315
MinimumVisualStudioVersion = 10.0.40219.1
Project("{FAE04EC0-301F-11D3-BF4B-00C04F79EFBC}") = "ProyectoSem08", "ProyectoSem08\ProyectoSem08.csproj", "{F4191FA1-C926-454D-8A28-04C4BB36116F}"
EndProject
Global
	GlobalSection(SolutionConfigurationPlatforms) = preSolution
		Debug|Any CPU = Debug|Any CPU
		Release|Any CPU = Release|Any CPU
	EndGlobalSection
	GlobalSection(ProjectConfigurationPlatforms) = postSolution
		{F4191FA1-C926-454D-8A28-04C4BB36116F}.Debug|Any CPU.ActiveCfg = Debug|Any CPU
		{F4191FA1-C926-454D-8A28-04C4BB36116F}.Debug|Any CPU.Build.0 = Debug|Any CPU
		{F4191FA1-C926-454D-8A28-04C4BB36116F}.Release|Any CPU.ActiveCfg = Release|Any CPU
		{F4191FA1-C926-454D-8A28-04C4BB36116F}.Release|Any CPU.Build.0 = Release|Any CPU
	EndGlobalSection
	GlobalSection(SolutionProperties) = preSolution
		HideSolutionNode = FALSE
	EndGlobalSection
	GlobalSection(ExtensibilityGlobals) = postSolution
		SolutionGuid = {3ED92B42-3219-4462-8D73-88A1385C9A7C}
	EndGlobalSection
EndGlobal
